// !$*UTF8*$!
{
	archiveVersion = 1;
	classes = {
	};
	objectVersion = 46;
	objects = {

/* Begin PBXBuildFile section */
		9041771B1CB0BCF400ED2389 /* HeadView.xib in Resources */ = {isa = PBXBuildFile; fileRef = 9041771A1CB0BCF400ED2389 /* HeadView.xib */; };
		9041771D1CB127E400ED2389 /* FootView.xib in Resources */ = {isa = PBXBuildFile; fileRef = 9041771C1CB127E400ED2389 /* FootView.xib */; };
		904177741CB349EA00ED2389 /* MKAnnotationView+WebCache.m in Sources */ = {isa = PBXBuildFile; fileRef = 904177541CB349EA00ED2389 /* MKAnnotationView+WebCache.m */; };
		904177751CB349EA00ED2389 /* NSData+ImageContentType.m in Sources */ = {isa = PBXBuildFile; fileRef = 904177561CB349EA00ED2389 /* NSData+ImageContentType.m */; };
		904177761CB349EA00ED2389 /* SDImageCache.m in Sources */ = {isa = PBXBuildFile; fileRef = 904177581CB349EA00ED2389 /* SDImageCache.m */; };
		904177771CB349EA00ED2389 /* SDWebImageCompat.m in Sources */ = {isa = PBXBuildFile; fileRef = 9041775A1CB349EA00ED2389 /* SDWebImageCompat.m */; };
		904177781CB349EA00ED2389 /* SDWebImageDecoder.m in Sources */ = {isa = PBXBuildFile; fileRef = 9041775C1CB349EA00ED2389 /* SDWebImageDecoder.m */; };
		904177791CB349EA00ED2389 /* SDWebImageDownloader.m in Sources */ = {isa = PBXBuildFile; fileRef = 9041775E1CB349EA00ED2389 /* SDWebImageDownloader.m */; };
		9041777A1CB349EA00ED2389 /* SDWebImageDownloaderOperation.m in Sources */ = {isa = PBXBuildFile; fileRef = 904177601CB349EA00ED2389 /* SDWebImageDownloaderOperation.m */; };
		9041777B1CB349EA00ED2389 /* SDWebImageManager.m in Sources */ = {isa = PBXBuildFile; fileRef = 904177621CB349EA00ED2389 /* SDWebImageManager.m */; };
		9041777C1CB349EA00ED2389 /* SDWebImagePrefetcher.m in Sources */ = {isa = PBXBuildFile; fileRef = 904177651CB349EA00ED2389 /* SDWebImagePrefetcher.m */; };
		9041777D1CB349EA00ED2389 /* UIButton+WebCache.m in Sources */ = {isa = PBXBuildFile; fileRef = 904177671CB349EA00ED2389 /* UIButton+WebCache.m */; };
		9041777E1CB349EA00ED2389 /* UIImage+GIF.m in Sources */ = {isa = PBXBuildFile; fileRef = 904177691CB349EA00ED2389 /* UIImage+GIF.m */; };
		9041777F1CB349EA00ED2389 /* UIImage+MultiFormat.m in Sources */ = {isa = PBXBuildFile; fileRef = 9041776B1CB349EA00ED2389 /* UIImage+MultiFormat.m */; };
		904177801CB349EA00ED2389 /* UIImage+WebP.m in Sources */ = {isa = PBXBuildFile; fileRef = 9041776D1CB349EA00ED2389 /* UIImage+WebP.m */; };
		904177811CB349EA00ED2389 /* UIImageView+HighlightedWebCache.m in Sources */ = {isa = PBXBuildFile; fileRef = 9041776F1CB349EA00ED2389 /* UIImageView+HighlightedWebCache.m */; };
		904177821CB349EA00ED2389 /* UIImageView+WebCache.m in Sources */ = {isa = PBXBuildFile; fileRef = 904177711CB349EA00ED2389 /* UIImageView+WebCache.m */; };
		904177831CB349EA00ED2389 /* UIView+WebCacheOperation.m in Sources */ = {isa = PBXBuildFile; fileRef = 904177731CB349EA00ED2389 /* UIView+WebCacheOperation.m */; };
		90A8C4631CAA269C00F17677 /* main.m in Sources */ = {isa = PBXBuildFile; fileRef = 90A8C4621CAA269C00F17677 /* main.m */; };
		90A8C4661CAA269C00F17677 /* AppDelegate.m in Sources */ = {isa = PBXBuildFile; fileRef = 90A8C4651CAA269C00F17677 /* AppDelegate.m */; };
		90A8C4691CAA269C00F17677 /* ViewController.m in Sources */ = {isa = PBXBuildFile; fileRef = 90A8C4681CAA269C00F17677 /* ViewController.m */; };
		90A8C46C1CAA269C00F17677 /* Main.storyboard in Resources */ = {isa = PBXBuildFile; fileRef = 90A8C46A1CAA269C00F17677 /* Main.storyboard */; };
		90A8C46E1CAA269C00F17677 /* Assets.xcassets in Resources */ = {isa = PBXBuildFile; fileRef = 90A8C46D1CAA269C00F17677 /* Assets.xcassets */; };
		90A8C4711CAA269C00F17677 /* LaunchScreen.storyboard in Resources */ = {isa = PBXBuildFile; fileRef = 90A8C46F1CAA269C00F17677 /* LaunchScreen.storyboard */; };
		90A8C4871CAA282400F17677 /* LoginStoryboard.storyboard in Resources */ = {isa = PBXBuildFile; fileRef = 90A8C4861CAA282400F17677 /* LoginStoryboard.storyboard */; };
		90A8C48A1CAA287C00F17677 /* LoginViewController.m in Sources */ = {isa = PBXBuildFile; fileRef = 90A8C4891CAA287C00F17677 /* LoginViewController.m */; };
		90A8C4AB1CACC65100F17677 /* DishInfo.m in Sources */ = {isa = PBXBuildFile; fileRef = 90A8C4A71CACC65100F17677 /* DishInfo.m */; };
		90A8C4AC1CACC65100F17677 /* DishViewCell.m in Sources */ = {isa = PBXBuildFile; fileRef = 90A8C4A91CACC65100F17677 /* DishViewCell.m */; };
		90A8C4AD1CACC65100F17677 /* DishViewCell.xib in Resources */ = {isa = PBXBuildFile; fileRef = 90A8C4AA1CACC65100F17677 /* DishViewCell.xib */; };
		90A8C4BE1CACC93600F17677 /* AFHTTPSessionManager.m in Sources */ = {isa = PBXBuildFile; fileRef = 90A8C4B11CACC93600F17677 /* AFHTTPSessionManager.m */; };
		90A8C4BF1CACC93600F17677 /* AFNetworkReachabilityManager.m in Sources */ = {isa = PBXBuildFile; fileRef = 90A8C4B41CACC93600F17677 /* AFNetworkReachabilityManager.m */; };
		90A8C4C01CACC93600F17677 /* AFSecurityPolicy.m in Sources */ = {isa = PBXBuildFile; fileRef = 90A8C4B61CACC93600F17677 /* AFSecurityPolicy.m */; };
		90A8C4C11CACC93600F17677 /* AFURLRequestSerialization.m in Sources */ = {isa = PBXBuildFile; fileRef = 90A8C4B81CACC93600F17677 /* AFURLRequestSerialization.m */; };
		90A8C4C21CACC93600F17677 /* AFURLResponseSerialization.m in Sources */ = {isa = PBXBuildFile; fileRef = 90A8C4BA1CACC93600F17677 /* AFURLResponseSerialization.m */; };
		90A8C4C31CACC93600F17677 /* AFURLSessionManager.m in Sources */ = {isa = PBXBuildFile; fileRef = 90A8C4BC1CACC93600F17677 /* AFURLSessionManager.m */; };
		90A8C4C81CAD163700F17677 /* DishDetailViewController.m in Sources */ = {isa = PBXBuildFile; fileRef = 90A8C4C61CAD163700F17677 /* DishDetailViewController.m */; };
		90A8C4C91CAD163700F17677 /* DishDetailViewController.xib in Resources */ = {isa = PBXBuildFile; fileRef = 90A8C4C71CAD163700F17677 /* DishDetailViewController.xib */; };
		90A8C4D61CAD171100F17677 /* STPopupController.m in Sources */ = {isa = PBXBuildFile; fileRef = 90A8C4CD1CAD171100F17677 /* STPopupController.m */; };
		90A8C4D71CAD171100F17677 /* STPopupLeftBarItem.m in Sources */ = {isa = PBXBuildFile; fileRef = 90A8C4CF1CAD171100F17677 /* STPopupLeftBarItem.m */; };
		90A8C4D81CAD171100F17677 /* STPopupNavigationBar.m in Sources */ = {isa = PBXBuildFile; fileRef = 90A8C4D11CAD171100F17677 /* STPopupNavigationBar.m */; };
		90A8C4D91CAD171100F17677 /* UIResponder+STPopup.m in Sources */ = {isa = PBXBuildFile; fileRef = 90A8C4D31CAD171100F17677 /* UIResponder+STPopup.m */; };
		90A8C4DA1CAD171100F17677 /* UIViewController+STPopup.m in Sources */ = {isa = PBXBuildFile; fileRef = 90A8C4D51CAD171100F17677 /* UIViewController+STPopup.m */; };
		90A8C4DE1CAE19EC00F17677 /* OrderViewController.m in Sources */ = {isa = PBXBuildFile; fileRef = 90A8C4DC1CAE19EC00F17677 /* OrderViewController.m */; };
		90A8C4DF1CAE19EC00F17677 /* OrderViewController.xib in Resources */ = {isa = PBXBuildFile; fileRef = 90A8C4DD1CAE19EC00F17677 /* OrderViewController.xib */; };
		90A8C4E41CAE44E900F17677 /* orderViewCell.m in Sources */ = {isa = PBXBuildFile; fileRef = 90A8C4E21CAE44E900F17677 /* orderViewCell.m */; };
		90A8C4E51CAE44E900F17677 /* orderViewCell.xib in Resources */ = {isa = PBXBuildFile; fileRef = 90A8C4E31CAE44E900F17677 /* orderViewCell.xib */; };
/* End PBXBuildFile section */

/* Begin PBXFileReference section */
		9041771A1CB0BCF400ED2389 /* HeadView.xib */ = {isa = PBXFileReference; fileEncoding = 4; lastKnownFileType = file.xib; path = HeadView.xib; sourceTree = "<group>"; };
		9041771C1CB127E400ED2389 /* FootView.xib */ = {isa = PBXFileReference; fileEncoding = 4; lastKnownFileType = file.xib; path = FootView.xib; sourceTree = "<group>"; };
		904177531CB349EA00ED2389 /* MKAnnotationView+WebCache.h */ = {isa = PBXFileReference; fileEncoding = 4; lastKnownFileType = sourcecode.c.h; path = "MKAnnotationView+WebCache.h"; sourceTree = "<group>"; };
		904177541CB349EA00ED2389 /* MKAnnotationView+WebCache.m */ = {isa = PBXFileReference; fileEncoding = 4; lastKnownFileType = sourcecode.c.objc; path = "MKAnnotationView+WebCache.m"; sourceTree = "<group>"; };
		904177551CB349EA00ED2389 /* NSData+ImageContentType.h */ = {isa = PBXFileReference; fileEncoding = 4; lastKnownFileType = sourcecode.c.h; path = "NSData+ImageContentType.h"; sourceTree = "<group>"; };
		904177561CB349EA00ED2389 /* NSData+ImageContentType.m */ = {isa = PBXFileReference; fileEncoding = 4; lastKnownFileType = sourcecode.c.objc; path = "NSData+ImageContentType.m"; sourceTree = "<group>"; };
		904177571CB349EA00ED2389 /* SDImageCache.h */ = {isa = PBXFileReference; fileEncoding = 4; lastKnownFileType = sourcecode.c.h; path = SDImageCache.h; sourceTree = "<group>"; };
		904177581CB349EA00ED2389 /* SDImageCache.m */ = {isa = PBXFileReference; fileEncoding = 4; lastKnownFileType = sourcecode.c.objc; path = SDImageCache.m; sourceTree = "<group>"; };
		904177591CB349EA00ED2389 /* SDWebImageCompat.h */ = {isa = PBXFileReference; fileEncoding = 4; lastKnownFileType = sourcecode.c.h; path = SDWebImageCompat.h; sourceTree = "<group>"; };
		9041775A1CB349EA00ED2389 /* SDWebImageCompat.m */ = {isa = PBXFileReference; fileEncoding = 4; lastKnownFileType = sourcecode.c.objc; path = SDWebImageCompat.m; sourceTree = "<group>"; };
		9041775B1CB349EA00ED2389 /* SDWebImageDecoder.h */ = {isa = PBXFileReference; fileEncoding = 4; lastKnownFileType = sourcecode.c.h; path = SDWebImageDecoder.h; sourceTree = "<group>"; };
		9041775C1CB349EA00ED2389 /* SDWebImageDecoder.m */ = {isa = PBXFileReference; fileEncoding = 4; lastKnownFileType = sourcecode.c.objc; path = SDWebImageDecoder.m; sourceTree = "<group>"; };
		9041775D1CB349EA00ED2389 /* SDWebImageDownloader.h */ = {isa = PBXFileReference; fileEncoding = 4; lastKnownFileType = sourcecode.c.h; path = SDWebImageDownloader.h; sourceTree = "<group>"; };
		9041775E1CB349EA00ED2389 /* SDWebImageDownloader.m */ = {isa = PBXFileReference; fileEncoding = 4; lastKnownFileType = sourcecode.c.objc; path = SDWebImageDownloader.m; sourceTree = "<group>"; };
		9041775F1CB349EA00ED2389 /* SDWebImageDownloaderOperation.h */ = {isa = PBXFileReference; fileEncoding = 4; lastKnownFileType = sourcecode.c.h; path = SDWebImageDownloaderOperation.h; sourceTree = "<group>"; };
		904177601CB349EA00ED2389 /* SDWebImageDownloaderOperation.m */ = {isa = PBXFileReference; fileEncoding = 4; lastKnownFileType = sourcecode.c.objc; path = SDWebImageDownloaderOperation.m; sourceTree = "<group>"; };
		904177611CB349EA00ED2389 /* SDWebImageManager.h */ = {isa = PBXFileReference; fileEncoding = 4; lastKnownFileType = sourcecode.c.h; path = SDWebImageManager.h; sourceTree = "<group>"; };
		904177621CB349EA00ED2389 /* SDWebImageManager.m */ = {isa = PBXFileReference; fileEncoding = 4; lastKnownFileType = sourcecode.c.objc; path = SDWebImageManager.m; sourceTree = "<group>"; };
		904177631CB349EA00ED2389 /* SDWebImageOperation.h */ = {isa = PBXFileReference; fileEncoding = 4; lastKnownFileType = sourcecode.c.h; path = SDWebImageOperation.h; sourceTree = "<group>"; };
		904177641CB349EA00ED2389 /* SDWebImagePrefetcher.h */ = {isa = PBXFileReference; fileEncoding = 4; lastKnownFileType = sourcecode.c.h; path = SDWebImagePrefetcher.h; sourceTree = "<group>"; };
		904177651CB349EA00ED2389 /* SDWebImagePrefetcher.m */ = {isa = PBXFileReference; fileEncoding = 4; lastKnownFileType = sourcecode.c.objc; path = SDWebImagePrefetcher.m; sourceTree = "<group>"; };
		904177661CB349EA00ED2389 /* UIButton+WebCache.h */ = {isa = PBXFileReference; fileEncoding = 4; lastKnownFileType = sourcecode.c.h; path = "UIButton+WebCache.h"; sourceTree = "<group>"; };
		904177671CB349EA00ED2389 /* UIButton+WebCache.m */ = {isa = PBXFileReference; fileEncoding = 4; lastKnownFileType = sourcecode.c.objc; path = "UIButton+WebCache.m"; sourceTree = "<group>"; };
		904177681CB349EA00ED2389 /* UIImage+GIF.h */ = {isa = PBXFileReference; fileEncoding = 4; lastKnownFileType = sourcecode.c.h; path = "UIImage+GIF.h"; sourceTree = "<group>"; };
		904177691CB349EA00ED2389 /* UIImage+GIF.m */ = {isa = PBXFileReference; fileEncoding = 4; lastKnownFileType = sourcecode.c.objc; path = "UIImage+GIF.m"; sourceTree = "<group>"; };
		9041776A1CB349EA00ED2389 /* UIImage+MultiFormat.h */ = {isa = PBXFileReference; fileEncoding = 4; lastKnownFileType = sourcecode.c.h; path = "UIImage+MultiFormat.h"; sourceTree = "<group>"; };
		9041776B1CB349EA00ED2389 /* UIImage+MultiFormat.m */ = {isa = PBXFileReference; fileEncoding = 4; lastKnownFileType = sourcecode.c.objc; path = "UIImage+MultiFormat.m"; sourceTree = "<group>"; };
		9041776C1CB349EA00ED2389 /* UIImage+WebP.h */ = {isa = PBXFileReference; fileEncoding = 4; lastKnownFileType = sourcecode.c.h; path = "UIImage+WebP.h"; sourceTree = "<group>"; };
		9041776D1CB349EA00ED2389 /* UIImage+WebP.m */ = {isa = PBXFileReference; fileEncoding = 4; lastKnownFileType = sourcecode.c.objc; path = "UIImage+WebP.m"; sourceTree = "<group>"; };
		9041776E1CB349EA00ED2389 /* UIImageView+HighlightedWebCache.h */ = {isa = PBXFileReference; fileEncoding = 4; lastKnownFileType = sourcecode.c.h; path = "UIImageView+HighlightedWebCache.h"; sourceTree = "<group>"; };
		9041776F1CB349EA00ED2389 /* UIImageView+HighlightedWebCache.m */ = {isa = PBXFileReference; fileEncoding = 4; lastKnownFileType = sourcecode.c.objc; path = "UIImageView+HighlightedWebCache.m"; sourceTree = "<group>"; };
		904177701CB349EA00ED2389 /* UIImageView+WebCache.h */ = {isa = PBXFileReference; fileEncoding = 4; lastKnownFileType = sourcecode.c.h; path = "UIImageView+WebCache.h"; sourceTree = "<group>"; };
		904177711CB349EA00ED2389 /* UIImageView+WebCache.m */ = {isa = PBXFileReference; fileEncoding = 4; lastKnownFileType = sourcecode.c.objc; path = "UIImageView+WebCache.m"; sourceTree = "<group>"; };
		904177721CB349EA00ED2389 /* UIView+WebCacheOperation.h */ = {isa = PBXFileReference; fileEncoding = 4; lastKnownFileType = sourcecode.c.h; path = "UIView+WebCacheOperation.h"; sourceTree = "<group>"; };
		904177731CB349EA00ED2389 /* UIView+WebCacheOperation.m */ = {isa = PBXFileReference; fileEncoding = 4; lastKnownFileType = sourcecode.c.objc; path = "UIView+WebCacheOperation.m"; sourceTree = "<group>"; };
		90A8C45E1CAA269C00F17677 /* iPad-Food.app */ = {isa = PBXFileReference; explicitFileType = wrapper.application; includeInIndex = 0; path = "iPad-Food.app"; sourceTree = BUILT_PRODUCTS_DIR; };
		90A8C4621CAA269C00F17677 /* main.m */ = {isa = PBXFileReference; lastKnownFileType = sourcecode.c.objc; path = main.m; sourceTree = "<group>"; };
		90A8C4641CAA269C00F17677 /* AppDelegate.h */ = {isa = PBXFileReference; lastKnownFileType = sourcecode.c.h; path = AppDelegate.h; sourceTree = "<group>"; };
		90A8C4651CAA269C00F17677 /* AppDelegate.m */ = {isa = PBXFileReference; lastKnownFileType = sourcecode.c.objc; path = AppDelegate.m; sourceTree = "<group>"; };
		90A8C4671CAA269C00F17677 /* ViewController.h */ = {isa = PBXFileReference; lastKnownFileType = sourcecode.c.h; path = ViewController.h; sourceTree = "<group>"; };
		90A8C4681CAA269C00F17677 /* ViewController.m */ = {isa = PBXFileReference; lastKnownFileType = sourcecode.c.objc; path = ViewController.m; sourceTree = "<group>"; };
		90A8C46B1CAA269C00F17677 /* Base */ = {isa = PBXFileReference; lastKnownFileType = file.storyboard; name = Base; path = Base.lproj/Main.storyboard; sourceTree = "<group>"; };
		90A8C46D1CAA269C00F17677 /* Assets.xcassets */ = {isa = PBXFileReference; lastKnownFileType = folder.assetcatalog; path = Assets.xcassets; sourceTree = "<group>"; };
		90A8C4701CAA269C00F17677 /* Base */ = {isa = PBXFileReference; lastKnownFileType = file.storyboard; name = Base; path = Base.lproj/LaunchScreen.storyboard; sourceTree = "<group>"; };
		90A8C4721CAA269C00F17677 /* Info.plist */ = {isa = PBXFileReference; lastKnownFileType = text.plist.xml; path = Info.plist; sourceTree = "<group>"; };
		90A8C4861CAA282400F17677 /* LoginStoryboard.storyboard */ = {isa = PBXFileReference; fileEncoding = 4; lastKnownFileType = file.storyboard; path = LoginStoryboard.storyboard; sourceTree = "<group>"; };
		90A8C4881CAA287C00F17677 /* LoginViewController.h */ = {isa = PBXFileReference; fileEncoding = 4; lastKnownFileType = sourcecode.c.h; path = LoginViewController.h; sourceTree = "<group>"; };
		90A8C4891CAA287C00F17677 /* LoginViewController.m */ = {isa = PBXFileReference; fileEncoding = 4; lastKnownFileType = sourcecode.c.objc; path = LoginViewController.m; sourceTree = "<group>"; };
		90A8C4A61CACC65100F17677 /* DishInfo.h */ = {isa = PBXFileReference; fileEncoding = 4; lastKnownFileType = sourcecode.c.h; path = DishInfo.h; sourceTree = "<group>"; };
		90A8C4A71CACC65100F17677 /* DishInfo.m */ = {isa = PBXFileReference; fileEncoding = 4; lastKnownFileType = sourcecode.c.objc; path = DishInfo.m; sourceTree = "<group>"; };
		90A8C4A81CACC65100F17677 /* DishViewCell.h */ = {isa = PBXFileReference; fileEncoding = 4; lastKnownFileType = sourcecode.c.h; path = DishViewCell.h; sourceTree = "<group>"; };
		90A8C4A91CACC65100F17677 /* DishViewCell.m */ = {isa = PBXFileReference; fileEncoding = 4; lastKnownFileType = sourcecode.c.objc; path = DishViewCell.m; sourceTree = "<group>"; };
		90A8C4AA1CACC65100F17677 /* DishViewCell.xib */ = {isa = PBXFileReference; fileEncoding = 4; lastKnownFileType = file.xib; path = DishViewCell.xib; sourceTree = "<group>"; };
		90A8C4AE1CACC8B900F17677 /* RequestUrl.h */ = {isa = PBXFileReference; lastKnownFileType = sourcecode.c.h; path = RequestUrl.h; sourceTree = "<group>"; };
		90A8C4B01CACC93600F17677 /* AFHTTPSessionManager.h */ = {isa = PBXFileReference; fileEncoding = 4; lastKnownFileType = sourcecode.c.h; path = AFHTTPSessionManager.h; sourceTree = "<group>"; };
		90A8C4B11CACC93600F17677 /* AFHTTPSessionManager.m */ = {isa = PBXFileReference; fileEncoding = 4; lastKnownFileType = sourcecode.c.objc; path = AFHTTPSessionManager.m; sourceTree = "<group>"; };
		90A8C4B21CACC93600F17677 /* AFNetworking.h */ = {isa = PBXFileReference; fileEncoding = 4; lastKnownFileType = sourcecode.c.h; path = AFNetworking.h; sourceTree = "<group>"; };
		90A8C4B31CACC93600F17677 /* AFNetworkReachabilityManager.h */ = {isa = PBXFileReference; fileEncoding = 4; lastKnownFileType = sourcecode.c.h; path = AFNetworkReachabilityManager.h; sourceTree = "<group>"; };
		90A8C4B41CACC93600F17677 /* AFNetworkReachabilityManager.m */ = {isa = PBXFileReference; fileEncoding = 4; lastKnownFileType = sourcecode.c.objc; path = AFNetworkReachabilityManager.m; sourceTree = "<group>"; };
		90A8C4B51CACC93600F17677 /* AFSecurityPolicy.h */ = {isa = PBXFileReference; fileEncoding = 4; lastKnownFileType = sourcecode.c.h; path = AFSecurityPolicy.h; sourceTree = "<group>"; };
		90A8C4B61CACC93600F17677 /* AFSecurityPolicy.m */ = {isa = PBXFileReference; fileEncoding = 4; lastKnownFileType = sourcecode.c.objc; path = AFSecurityPolicy.m; sourceTree = "<group>"; };
		90A8C4B71CACC93600F17677 /* AFURLRequestSerialization.h */ = {isa = PBXFileReference; fileEncoding = 4; lastKnownFileType = sourcecode.c.h; path = AFURLRequestSerialization.h; sourceTree = "<group>"; };
		90A8C4B81CACC93600F17677 /* AFURLRequestSerialization.m */ = {isa = PBXFileReference; fileEncoding = 4; lastKnownFileType = sourcecode.c.objc; path = AFURLRequestSerialization.m; sourceTree = "<group>"; };
		90A8C4B91CACC93600F17677 /* AFURLResponseSerialization.h */ = {isa = PBXFileReference; fileEncoding = 4; lastKnownFileType = sourcecode.c.h; path = AFURLResponseSerialization.h; sourceTree = "<group>"; };
		90A8C4BA1CACC93600F17677 /* AFURLResponseSerialization.m */ = {isa = PBXFileReference; fileEncoding = 4; lastKnownFileType = sourcecode.c.objc; path = AFURLResponseSerialization.m; sourceTree = "<group>"; };
		90A8C4BB1CACC93600F17677 /* AFURLSessionManager.h */ = {isa = PBXFileReference; fileEncoding = 4; lastKnownFileType = sourcecode.c.h; path = AFURLSessionManager.h; sourceTree = "<group>"; };
		90A8C4BC1CACC93600F17677 /* AFURLSessionManager.m */ = {isa = PBXFileReference; fileEncoding = 4; lastKnownFileType = sourcecode.c.objc; path = AFURLSessionManager.m; sourceTree = "<group>"; };
		90A8C4C51CAD163700F17677 /* DishDetailViewController.h */ = {isa = PBXFileReference; fileEncoding = 4; lastKnownFileType = sourcecode.c.h; path = DishDetailViewController.h; sourceTree = "<group>"; };
		90A8C4C61CAD163700F17677 /* DishDetailViewController.m */ = {isa = PBXFileReference; fileEncoding = 4; lastKnownFileType = sourcecode.c.objc; path = DishDetailViewController.m; sourceTree = "<group>"; };
		90A8C4C71CAD163700F17677 /* DishDetailViewController.xib */ = {isa = PBXFileReference; fileEncoding = 4; lastKnownFileType = file.xib; path = DishDetailViewController.xib; sourceTree = "<group>"; };
		90A8C4CB1CAD171100F17677 /* STPopup.h */ = {isa = PBXFileReference; fileEncoding = 4; lastKnownFileType = sourcecode.c.h; path = STPopup.h; sourceTree = "<group>"; };
		90A8C4CC1CAD171100F17677 /* STPopupController.h */ = {isa = PBXFileReference; fileEncoding = 4; lastKnownFileType = sourcecode.c.h; path = STPopupController.h; sourceTree = "<group>"; };
		90A8C4CD1CAD171100F17677 /* STPopupController.m */ = {isa = PBXFileReference; fileEncoding = 4; lastKnownFileType = sourcecode.c.objc; path = STPopupController.m; sourceTree = "<group>"; };
		90A8C4CE1CAD171100F17677 /* STPopupLeftBarItem.h */ = {isa = PBXFileReference; fileEncoding = 4; lastKnownFileType = sourcecode.c.h; path = STPopupLeftBarItem.h; sourceTree = "<group>"; };
		90A8C4CF1CAD171100F17677 /* STPopupLeftBarItem.m */ = {isa = PBXFileReference; fileEncoding = 4; lastKnownFileType = sourcecode.c.objc; path = STPopupLeftBarItem.m; sourceTree = "<group>"; };
		90A8C4D01CAD171100F17677 /* STPopupNavigationBar.h */ = {isa = PBXFileReference; fileEncoding = 4; lastKnownFileType = sourcecode.c.h; path = STPopupNavigationBar.h; sourceTree = "<group>"; };
		90A8C4D11CAD171100F17677 /* STPopupNavigationBar.m */ = {isa = PBXFileReference; fileEncoding = 4; lastKnownFileType = sourcecode.c.objc; path = STPopupNavigationBar.m; sourceTree = "<group>"; };
		90A8C4D21CAD171100F17677 /* UIResponder+STPopup.h */ = {isa = PBXFileReference; fileEncoding = 4; lastKnownFileType = sourcecode.c.h; path = "UIResponder+STPopup.h"; sourceTree = "<group>"; };
		90A8C4D31CAD171100F17677 /* UIResponder+STPopup.m */ = {isa = PBXFileReference; fileEncoding = 4; lastKnownFileType = sourcecode.c.objc; path = "UIResponder+STPopup.m"; sourceTree = "<group>"; };
		90A8C4D41CAD171100F17677 /* UIViewController+STPopup.h */ = {isa = PBXFileReference; fileEncoding = 4; lastKnownFileType = sourcecode.c.h; path = "UIViewController+STPopup.h"; sourceTree = "<group>"; };
		90A8C4D51CAD171100F17677 /* UIViewController+STPopup.m */ = {isa = PBXFileReference; fileEncoding = 4; lastKnownFileType = sourcecode.c.objc; path = "UIViewController+STPopup.m"; sourceTree = "<group>"; };
		90A8C4DB1CAE19EC00F17677 /* OrderViewController.h */ = {isa = PBXFileReference; fileEncoding = 4; lastKnownFileType = sourcecode.c.h; path = OrderViewController.h; sourceTree = "<group>"; };
		90A8C4DC1CAE19EC00F17677 /* OrderViewController.m */ = {isa = PBXFileReference; fileEncoding = 4; lastKnownFileType = sourcecode.c.objc; path = OrderViewController.m; sourceTree = "<group>"; };
		90A8C4DD1CAE19EC00F17677 /* OrderViewController.xib */ = {isa = PBXFileReference; fileEncoding = 4; lastKnownFileType = file.xib; path = OrderViewController.xib; sourceTree = "<group>"; };
		90A8C4E11CAE44E900F17677 /* orderViewCell.h */ = {isa = PBXFileReference; fileEncoding = 4; lastKnownFileType = sourcecode.c.h; path = orderViewCell.h; sourceTree = "<group>"; };
		90A8C4E21CAE44E900F17677 /* orderViewCell.m */ = {isa = PBXFileReference; fileEncoding = 4; lastKnownFileType = sourcecode.c.objc; path = orderViewCell.m; sourceTree = "<group>"; };
		90A8C4E31CAE44E900F17677 /* orderViewCell.xib */ = {isa = PBXFileReference; fileEncoding = 4; lastKnownFileType = file.xib; path = orderViewCell.xib; sourceTree = "<group>"; };
/* End PBXFileReference section */

/* Begin PBXFrameworksBuildPhase section */
		90A8C45B1CAA269C00F17677 /* Frameworks */ = {
			isa = PBXFrameworksBuildPhase;
			buildActionMask = 2147483647;
			files = (
			);
			runOnlyForDeploymentPostprocessing = 0;
		};
/* End PBXFrameworksBuildPhase section */

/* Begin PBXGroup section */
		904177521CB349EA00ED2389 /* SDWebImage */ = {
			isa = PBXGroup;
			children = (
				904177531CB349EA00ED2389 /* MKAnnotationView+WebCache.h */,
				904177541CB349EA00ED2389 /* MKAnnotationView+WebCache.m */,
				904177551CB349EA00ED2389 /* NSData+ImageContentType.h */,
				904177561CB349EA00ED2389 /* NSData+ImageContentType.m */,
				904177571CB349EA00ED2389 /* SDImageCache.h */,
				904177581CB349EA00ED2389 /* SDImageCache.m */,
				904177591CB349EA00ED2389 /* SDWebImageCompat.h */,
				9041775A1CB349EA00ED2389 /* SDWebImageCompat.m */,
				9041775B1CB349EA00ED2389 /* SDWebImageDecoder.h */,
				9041775C1CB349EA00ED2389 /* SDWebImageDecoder.m */,
				9041775D1CB349EA00ED2389 /* SDWebImageDownloader.h */,
				9041775E1CB349EA00ED2389 /* SDWebImageDownloader.m */,
				9041775F1CB349EA00ED2389 /* SDWebImageDownloaderOperation.h */,
				904177601CB349EA00ED2389 /* SDWebImageDownloaderOperation.m */,
				904177611CB349EA00ED2389 /* SDWebImageManager.h */,
				904177621CB349EA00ED2389 /* SDWebImageManager.m */,
				904177631CB349EA00ED2389 /* SDWebImageOperation.h */,
				904177641CB349EA00ED2389 /* SDWebImagePrefetcher.h */,
				904177651CB349EA00ED2389 /* SDWebImagePrefetcher.m */,
				904177661CB349EA00ED2389 /* UIButton+WebCache.h */,
				904177671CB349EA00ED2389 /* UIButton+WebCache.m */,
				904177681CB349EA00ED2389 /* UIImage+GIF.h */,
				904177691CB349EA00ED2389 /* UIImage+GIF.m */,
				9041776A1CB349EA00ED2389 /* UIImage+MultiFormat.h */,
				9041776B1CB349EA00ED2389 /* UIImage+MultiFormat.m */,
				9041776C1CB349EA00ED2389 /* UIImage+WebP.h */,
				9041776D1CB349EA00ED2389 /* UIImage+WebP.m */,
				9041776E1CB349EA00ED2389 /* UIImageView+HighlightedWebCache.h */,
				9041776F1CB349EA00ED2389 /* UIImageView+HighlightedWebCache.m */,
				904177701CB349EA00ED2389 /* UIImageView+WebCache.h */,
				904177711CB349EA00ED2389 /* UIImageView+WebCache.m */,
				904177721CB349EA00ED2389 /* UIView+WebCacheOperation.h */,
				904177731CB349EA00ED2389 /* UIView+WebCacheOperation.m */,
			);
			path = SDWebImage;
			sourceTree = "<group>";
		};
		90A8C4551CAA269C00F17677 = {
			isa = PBXGroup;
			children = (
				90A8C4601CAA269C00F17677 /* iPad-Food */,
				90A8C45F1CAA269C00F17677 /* Products */,
			);
			sourceTree = "<group>";
		};
		90A8C45F1CAA269C00F17677 /* Products */ = {
			isa = PBXGroup;
			children = (
				90A8C45E1CAA269C00F17677 /* iPad-Food.app */,
			);
			name = Products;
			sourceTree = "<group>";
		};
		90A8C4601CAA269C00F17677 /* iPad-Food */ = {
			isa = PBXGroup;
			children = (
				90A8C47C1CAA277700F17677 /* lib */,
				90A8C47B1CAA276500F17677 /* other(其他) */,
				90A8C47A1CAA275600F17677 /* order(购物车) */,
				90A8C4791CAA274200F17677 /* mian(首页) */,
				90A8C4781CAA273400F17677 /* login(登陆) */,
				90A8C46D1CAA269C00F17677 /* Assets.xcassets */,
				90A8C4611CAA269C00F17677 /* Supporting Files */,
			);
			path = "iPad-Food";
			sourceTree = "<group>";
		};
		90A8C4611CAA269C00F17677 /* Supporting Files */ = {
			isa = PBXGroup;
			children = (
				90A8C4621CAA269C00F17677 /* main.m */,
			);
			name = "Supporting Files";
			sourceTree = "<group>";
		};
		90A8C4781CAA273400F17677 /* login(登陆) */ = {
			isa = PBXGroup;
			children = (
				90A8C4851CAA27E500F17677 /* controller */,
				90A8C4841CAA27DC00F17677 /* model */,
				90A8C4831CAA27D600F17677 /* view */,
			);
			name = "login(登陆)";
			sourceTree = "<group>";
		};
		90A8C4791CAA274200F17677 /* mian(首页) */ = {
			isa = PBXGroup;
			children = (
				90A8C4821CAA27BA00F17677 /* controller */,
				90A8C4811CAA27B400F17677 /* model */,
				90A8C4801CAA27AE00F17677 /* view */,
			);
			name = "mian(首页)";
			sourceTree = "<group>";
		};
		90A8C47A1CAA275600F17677 /* order(购物车) */ = {
			isa = PBXGroup;
			children = (
				90A8C47F1CAA27A500F17677 /* controller */,
				90A8C47E1CAA279F00F17677 /* model */,
				90A8C47D1CAA278F00F17677 /* view */,
			);
			name = "order(购物车)";
			sourceTree = "<group>";
		};
		90A8C47B1CAA276500F17677 /* other(其他) */ = {
			isa = PBXGroup;
			children = (
				90A8C4641CAA269C00F17677 /* AppDelegate.h */,
				90A8C4651CAA269C00F17677 /* AppDelegate.m */,
				90A8C46F1CAA269C00F17677 /* LaunchScreen.storyboard */,
				90A8C4721CAA269C00F17677 /* Info.plist */,
				90A8C4AE1CACC8B900F17677 /* RequestUrl.h */,
			);
			name = "other(其他)";
			sourceTree = "<group>";
		};
		90A8C47C1CAA277700F17677 /* lib */ = {
			isa = PBXGroup;
			children = (
				904177521CB349EA00ED2389 /* SDWebImage */,
				90A8C4CA1CAD171100F17677 /* STPopup */,
				90A8C4AF1CACC93600F17677 /* AFNetworking */,
			);
			name = lib;
			sourceTree = "<group>";
		};
		90A8C47D1CAA278F00F17677 /* view */ = {
			isa = PBXGroup;
			children = (
				90A8C4E11CAE44E900F17677 /* orderViewCell.h */,
				90A8C4E21CAE44E900F17677 /* orderViewCell.m */,
				90A8C4E31CAE44E900F17677 /* orderViewCell.xib */,
				9041771A1CB0BCF400ED2389 /* HeadView.xib */,
				9041771C1CB127E400ED2389 /* FootView.xib */,
			);
			name = view;
			sourceTree = "<group>";
		};
		90A8C47E1CAA279F00F17677 /* model */ = {
			isa = PBXGroup;
			children = (
			);
			name = model;
			sourceTree = "<group>";
		};
		90A8C47F1CAA27A500F17677 /* controller */ = {
			isa = PBXGroup;
			children = (
				90A8C4DB1CAE19EC00F17677 /* OrderViewController.h */,
				90A8C4DC1CAE19EC00F17677 /* OrderViewController.m */,
				90A8C4DD1CAE19EC00F17677 /* OrderViewController.xib */,
			);
			name = controller;
			sourceTree = "<group>";
		};
		90A8C4801CAA27AE00F17677 /* view */ = {
			isa = PBXGroup;
			children = (
				90A8C4C41CAD15FA00F17677 /* detail(菜单详情) */,
				90A8C4A81CACC65100F17677 /* DishViewCell.h */,
				90A8C4A91CACC65100F17677 /* DishViewCell.m */,
				90A8C4AA1CACC65100F17677 /* DishViewCell.xib */,
			);
			name = view;
			sourceTree = "<group>";
		};
		90A8C4811CAA27B400F17677 /* model */ = {
			isa = PBXGroup;
			children = (
				90A8C4A61CACC65100F17677 /* DishInfo.h */,
				90A8C4A71CACC65100F17677 /* DishInfo.m */,
			);
			name = model;
			sourceTree = "<group>";
		};
		90A8C4821CAA27BA00F17677 /* controller */ = {
			isa = PBXGroup;
			children = (
				90A8C4671CAA269C00F17677 /* ViewController.h */,
				90A8C4681CAA269C00F17677 /* ViewController.m */,
				90A8C46A1CAA269C00F17677 /* Main.storyboard */,
			);
			name = controller;
			sourceTree = "<group>";
		};
		90A8C4831CAA27D600F17677 /* view */ = {
			isa = PBXGroup;
			children = (
			);
			name = view;
			sourceTree = "<group>";
		};
		90A8C4841CAA27DC00F17677 /* model */ = {
			isa = PBXGroup;
			children = (
			);
			name = model;
			sourceTree = "<group>";
		};
		90A8C4851CAA27E500F17677 /* controller */ = {
			isa = PBXGroup;
			children = (
				90A8C4861CAA282400F17677 /* LoginStoryboard.storyboard */,
				90A8C4881CAA287C00F17677 /* LoginViewController.h */,
				90A8C4891CAA287C00F17677 /* LoginViewController.m */,
			);
			name = controller;
			sourceTree = "<group>";
		};
		90A8C4AF1CACC93600F17677 /* AFNetworking */ = {
			isa = PBXGroup;
			children = (
				90A8C4B01CACC93600F17677 /* AFHTTPSessionManager.h */,
				90A8C4B11CACC93600F17677 /* AFHTTPSessionManager.m */,
				90A8C4B21CACC93600F17677 /* AFNetworking.h */,
				90A8C4B31CACC93600F17677 /* AFNetworkReachabilityManager.h */,
				90A8C4B41CACC93600F17677 /* AFNetworkReachabilityManager.m */,
				90A8C4B51CACC93600F17677 /* AFSecurityPolicy.h */,
				90A8C4B61CACC93600F17677 /* AFSecurityPolicy.m */,
				90A8C4B71CACC93600F17677 /* AFURLRequestSerialization.h */,
				90A8C4B81CACC93600F17677 /* AFURLRequestSerialization.m */,
				90A8C4B91CACC93600F17677 /* AFURLResponseSerialization.h */,
				90A8C4BA1CACC93600F17677 /* AFURLResponseSerialization.m */,
				90A8C4BB1CACC93600F17677 /* AFURLSessionManager.h */,
				90A8C4BC1CACC93600F17677 /* AFURLSessionManager.m */,
				90A8C4BD1CACC93600F17677 /* STPopup */,
			);
			path = AFNetworking;
			sourceTree = "<group>";
		};
		90A8C4BD1CACC93600F17677 /* STPopup */ = {
			isa = PBXGroup;
			children = (
			);
			path = STPopup;
			sourceTree = "<group>";
		};
		90A8C4C41CAD15FA00F17677 /* detail(菜单详情) */ = {
			isa = PBXGroup;
			children = (
				90A8C4C51CAD163700F17677 /* DishDetailViewController.h */,
				90A8C4C61CAD163700F17677 /* DishDetailViewController.m */,
				90A8C4C71CAD163700F17677 /* DishDetailViewController.xib */,
			);
			name = "detail(菜单详情)";
			sourceTree = "<group>";
		};
		90A8C4CA1CAD171100F17677 /* STPopup */ = {
			isa = PBXGroup;
			children = (
				90A8C4CB1CAD171100F17677 /* STPopup.h */,
				90A8C4CC1CAD171100F17677 /* STPopupController.h */,
				90A8C4CD1CAD171100F17677 /* STPopupController.m */,
				90A8C4CE1CAD171100F17677 /* STPopupLeftBarItem.h */,
				90A8C4CF1CAD171100F17677 /* STPopupLeftBarItem.m */,
				90A8C4D01CAD171100F17677 /* STPopupNavigationBar.h */,
				90A8C4D11CAD171100F17677 /* STPopupNavigationBar.m */,
				90A8C4D21CAD171100F17677 /* UIResponder+STPopup.h */,
				90A8C4D31CAD171100F17677 /* UIResponder+STPopup.m */,
				90A8C4D41CAD171100F17677 /* UIViewController+STPopup.h */,
				90A8C4D51CAD171100F17677 /* UIViewController+STPopup.m */,
			);
			path = STPopup;
			sourceTree = "<group>";
		};
/* End PBXGroup section */

/* Begin PBXNativeTarget section */
		90A8C45D1CAA269C00F17677 /* iPad-Food */ = {
			isa = PBXNativeTarget;
			buildConfigurationList = 90A8C4751CAA269C00F17677 /* Build configuration list for PBXNativeTarget "iPad-Food" */;
			buildPhases = (
				90A8C45A1CAA269C00F17677 /* Sources */,
				90A8C45B1CAA269C00F17677 /* Frameworks */,
				90A8C45C1CAA269C00F17677 /* Resources */,
			);
			buildRules = (
			);
			dependencies = (
			);
			name = "iPad-Food";
			productName = "iPad-Food";
			productReference = 90A8C45E1CAA269C00F17677 /* iPad-Food.app */;
			productType = "com.apple.product-type.application";
		};
/* End PBXNativeTarget section */

/* Begin PBXProject section */
		90A8C4561CAA269C00F17677 /* Project object */ = {
			isa = PBXProject;
			attributes = {
				LastUpgradeCheck = 0720;
				ORGANIZATIONNAME = wpx;
				TargetAttributes = {
					90A8C45D1CAA269C00F17677 = {
						CreatedOnToolsVersion = 7.2.1;
					};
				};
			};
			buildConfigurationList = 90A8C4591CAA269C00F17677 /* Build configuration list for PBXProject "iPad-Food" */;
			compatibilityVersion = "Xcode 3.2";
			developmentRegion = English;
			hasScannedForEncodings = 0;
			knownRegions = (
				en,
				Base,
			);
			mainGroup = 90A8C4551CAA269C00F17677;
			productRefGroup = 90A8C45F1CAA269C00F17677 /* Products */;
			projectDirPath = "";
			projectRoot = "";
			targets = (
				90A8C45D1CAA269C00F17677 /* iPad-Food */,
			);
		};
/* End PBXProject section */

/* Begin PBXResourcesBuildPhase section */
		90A8C45C1CAA269C00F17677 /* Resources */ = {
			isa = PBXResourcesBuildPhase;
			buildActionMask = 2147483647;
			files = (
				90A8C4DF1CAE19EC00F17677 /* OrderViewController.xib in Resources */,
				9041771B1CB0BCF400ED2389 /* HeadView.xib in Resources */,
				90A8C4E51CAE44E900F17677 /* orderViewCell.xib in Resources */,
				90A8C4AD1CACC65100F17677 /* DishViewCell.xib in Resources */,
				90A8C4C91CAD163700F17677 /* DishDetailViewController.xib in Resources */,
				90A8C4711CAA269C00F17677 /* LaunchScreen.storyboard in Resources */,
				9041771D1CB127E400ED2389 /* FootView.xib in Resources */,
				90A8C46E1CAA269C00F17677 /* Assets.xcassets in Resources */,
				90A8C46C1CAA269C00F17677 /* Main.storyboard in Resources */,
				90A8C4871CAA282400F17677 /* LoginStoryboard.storyboard in Resources */,
			);
			runOnlyForDeploymentPostprocessing = 0;
		};
/* End PBXResourcesBuildPhase section */

/* Begin PBXSourcesBuildPhase section */
		90A8C45A1CAA269C00F17677 /* Sources */ = {
			isa = PBXSourcesBuildPhase;
			buildActionMask = 2147483647;
			files = (
				904177811CB349EA00ED2389 /* UIImageView+HighlightedWebCache.m in Sources */,
				90A8C48A1CAA287C00F17677 /* LoginViewController.m in Sources */,
				9041777B1CB349EA00ED2389 /* SDWebImageManager.m in Sources */,
				904177771CB349EA00ED2389 /* SDWebImageCompat.m in Sources */,
				9041777C1CB349EA00ED2389 /* SDWebImagePrefetcher.m in Sources */,
				90A8C4BF1CACC93600F17677 /* AFNetworkReachabilityManager.m in Sources */,
				904177761CB349EA00ED2389 /* SDImageCache.m in Sources */,
				90A8C4AC1CACC65100F17677 /* DishViewCell.m in Sources */,
				9041777D1CB349EA00ED2389 /* UIButton+WebCache.m in Sources */,
				90A8C4691CAA269C00F17677 /* ViewController.m in Sources */,
				90A8C4661CAA269C00F17677 /* AppDelegate.m in Sources */,
				904177801CB349EA00ED2389 /* UIImage+WebP.m in Sources */,
				90A8C4C01CACC93600F17677 /* AFSecurityPolicy.m in Sources */,
				90A8C4C11CACC93600F17677 /* AFURLRequestSerialization.m in Sources */,
				90A8C4D91CAD171100F17677 /* UIResponder+STPopup.m in Sources */,
				9041777E1CB349EA00ED2389 /* UIImage+GIF.m in Sources */,
				904177831CB349EA00ED2389 /* UIView+WebCacheOperation.m in Sources */,
				90A8C4D61CAD171100F17677 /* STPopupController.m in Sources */,
				90A8C4E41CAE44E900F17677 /* orderViewCell.m in Sources */,
				9041777F1CB349EA00ED2389 /* UIImage+MultiFormat.m in Sources */,
				904177781CB349EA00ED2389 /* SDWebImageDecoder.m in Sources */,
				904177751CB349EA00ED2389 /* NSData+ImageContentType.m in Sources */,
				90A8C4D71CAD171100F17677 /* STPopupLeftBarItem.m in Sources */,
				9041777A1CB349EA00ED2389 /* SDWebImageDownloaderOperation.m in Sources */,
				904177741CB349EA00ED2389 /* MKAnnotationView+WebCache.m in Sources */,
				90A8C4DA1CAD171100F17677 /* UIViewController+STPopup.m in Sources */,
				90A8C4631CAA269C00F17677 /* main.m in Sources */,
				90A8C4C81CAD163700F17677 /* DishDetailViewController.m in Sources */,
				90A8C4AB1CACC65100F17677 /* DishInfo.m in Sources */,
				904177791CB349EA00ED2389 /* SDWebImageDownloader.m in Sources */,
				90A8C4C21CACC93600F17677 /* AFURLResponseSerialization.m in Sources */,
				90A8C4DE1CAE19EC00F17677 /* OrderViewController.m in Sources */,
				90A8C4C31CACC93600F17677 /* AFURLSessionManager.m in Sources */,
				904177821CB349EA00ED2389 /* UIImageView+WebCache.m in Sources */,
				90A8C4BE1CACC93600F17677 /* AFHTTPSessionManager.m in Sources */,
				90A8C4D81CAD171100F17677 /* STPopupNavigationBar.m in Sources */,
			);
			runOnlyForDeploymentPostprocessing = 0;
		};
/* End PBXSourcesBuildPhase section */

/* Begin PBXVariantGroup section */
		90A8C46A1CAA269C00F17677 /* Main.storyboard */ = {
			isa = PBXVariantGroup;
			children = (
				90A8C46B1CAA269C00F17677 /* Base */,
			);
			name = Main.storyboard;
			sourceTree = "<group>";
		};
		90A8C46F1CAA269C00F17677 /* LaunchScreen.storyboard */ = {
			isa = PBXVariantGroup;
			children = (
				90A8C4701CAA269C00F17677 /* Base */,
			);
			name = LaunchScreen.storyboard;
			sourceTree = "<group>";
		};
/* End PBXVariantGroup section */

/* Begin XCBuildConfiguration section */
		90A8C4731CAA269C00F17677 /* Debug */ = {
			isa = XCBuildConfiguration;
			buildSettings = {
				ALWAYS_SEARCH_USER_PATHS = NO;
				CLANG_CXX_LANGUAGE_STANDARD = "gnu++0x";
				CLANG_CXX_LIBRARY = "libc++";
				CLANG_ENABLE_MODULES = YES;
				CLANG_ENABLE_OBJC_ARC = YES;
				CLANG_WARN_BOOL_CONVERSION = YES;
				CLANG_WARN_CONSTANT_CONVERSION = YES;
				CLANG_WARN_DIRECT_OBJC_ISA_USAGE = YES_ERROR;
				CLANG_WARN_EMPTY_BODY = YES;
				CLANG_WARN_ENUM_CONVERSION = YES;
				CLANG_WARN_INT_CONVERSION = YES;
				CLANG_WARN_OBJC_ROOT_CLASS = YES_ERROR;
				CLANG_WARN_UNREACHABLE_CODE = YES;
				CLANG_WARN__DUPLICATE_METHOD_MATCH = YES;
				"CODE_SIGN_IDENTITY[sdk=iphoneos*]" = "iPhone Developer";
				COPY_PHASE_STRIP = NO;
				DEBUG_INFORMATION_FORMAT = dwarf;
				ENABLE_STRICT_OBJC_MSGSEND = YES;
				ENABLE_TESTABILITY = YES;
				GCC_C_LANGUAGE_STANDARD = gnu99;
				GCC_DYNAMIC_NO_PIC = NO;
				GCC_NO_COMMON_BLOCKS = YES;
				GCC_OPTIMIZATION_LEVEL = 0;
				GCC_PREPROCESSOR_DEFINITIONS = (
					"DEBUG=1",
					"$(inherited)",
				);
				GCC_WARN_64_TO_32_BIT_CONVERSION = YES;
				GCC_WARN_ABOUT_RETURN_TYPE = YES_ERROR;
				GCC_WARN_UNDECLARED_SELECTOR = YES;
				GCC_WARN_UNINITIALIZED_AUTOS = YES_AGGRESSIVE;
				GCC_WARN_UNUSED_FUNCTION = YES;
				GCC_WARN_UNUSED_VARIABLE = YES;
				IPHONEOS_DEPLOYMENT_TARGET = 9.2;
				MTL_ENABLE_DEBUG_INFO = YES;
				ONLY_ACTIVE_ARCH = YES;
				SDKROOT = iphoneos;
				TARGETED_DEVICE_FAMILY = 2;
			};
			name = Debug;
		};
		90A8C4741CAA269C00F17677 /* Release */ = {
			isa = XCBuildConfiguration;
			buildSettings = {
				ALWAYS_SEARCH_USER_PATHS = NO;
				CLANG_CXX_LANGUAGE_STANDARD = "gnu++0x";
				CLANG_CXX_LIBRARY = "libc++";
				CLANG_ENABLE_MODULES = YES;
				CLANG_ENABLE_OBJC_ARC = YES;
				CLANG_WARN_BOOL_CONVERSION = YES;
				CLANG_WARN_CONSTANT_CONVERSION = YES;
				CLANG_WARN_DIRECT_OBJC_ISA_USAGE = YES_ERROR;
				CLANG_WARN_EMPTY_BODY = YES;
				CLANG_WARN_ENUM_CONVERSION = YES;
				CLANG_WARN_INT_CONVERSION = YES;
				CLANG_WARN_OBJC_ROOT_CLASS = YES_ERROR;
				CLANG_WARN_UNREACHABLE_CODE = YES;
				CLANG_WARN__DUPLICATE_METHOD_MATCH = YES;
				"CODE_SIGN_IDENTITY[sdk=iphoneos*]" = "iPhone Developer";
				COPY_PHASE_STRIP = NO;
				DEBUG_INFORMATION_FORMAT = "dwarf-with-dsym";
				ENABLE_NS_ASSERTIONS = NO;
				ENABLE_STRICT_OBJC_MSGSEND = YES;
				GCC_C_LANGUAGE_STANDARD = gnu99;
				GCC_NO_COMMON_BLOCKS = YES;
				GCC_WARN_64_TO_32_BIT_CONVERSION = YES;
				GCC_WARN_ABOUT_RETURN_TYPE = YES_ERROR;
				GCC_WARN_UNDECLARED_SELECTOR = YES;
				GCC_WARN_UNINITIALIZED_AUTOS = YES_AGGRESSIVE;
				GCC_WARN_UNUSED_FUNCTION = YES;
				GCC_WARN_UNUSED_VARIABLE = YES;
				IPHONEOS_DEPLOYMENT_TARGET = 9.2;
				MTL_ENABLE_DEBUG_INFO = NO;
				SDKROOT = iphoneos;
				TARGETED_DEVICE_FAMILY = 2;
				VALIDATE_PRODUCT = YES;
			};
			name = Release;
		};
		90A8C4761CAA269C00F17677 /* Debug */ = {
			isa = XCBuildConfiguration;
			buildSettings = {
				ASSETCATALOG_COMPILER_APPICON_NAME = AppIcon;
				INFOPLIST_FILE = "iPad-Food/Info.plist";
				LD_RUNPATH_SEARCH_PATHS = "$(inherited) @executable_path/Frameworks";
				PRODUCT_BUNDLE_IDENTIFIER = "www.wpx.iPad-Food";
				PRODUCT_NAME = "$(TARGET_NAME)";
			};
			name = Debug;
		};
		90A8C4771CAA269C00F17677 /* Release */ = {
			isa = XCBuildConfiguration;
			buildSettings = {
				ASSETCATALOG_COMPILER_APPICON_NAME = AppIcon;
				INFOPLIST_FILE = "iPad-Food/Info.plist";
				LD_RUNPATH_SEARCH_PATHS = "$(inherited) @executable_path/Frameworks";
				PRODUCT_BUNDLE_IDENTIFIER = "www.wpx.iPad-Food";
				PRODUCT_NAME = "$(TARGET_NAME)";
			};
			name = Release;
		};
/* End XCBuildConfiguration section */

/* Begin XCConfigurationList section */
		90A8C4591CAA269C00F17677 /* Build configuration list for PBXProject "iPad-Food" */ = {
			isa = XCConfigurationList;
			buildConfigurations = (
				90A8C4731CAA269C00F17677 /* Debug */,
				90A8C4741CAA269C00F17677 /* Release */,
			);
			defaultConfigurationIsVisible = 0;
			defaultConfigurationName = Release;
		};
		90A8C4751CAA269C00F17677 /* Build configuration list for PBXNativeTarget "iPad-Food" */ = {
			isa = XCConfigurationList;
			buildConfigurations = (
				90A8C4761CAA269C00F17677 /* Debug */,
				90A8C4771CAA269C00F17677 /* Release */,
			);
			defaultConfigurationIsVisible = 0;
			defaultConfigurationName = Release;
		};
/* End XCConfigurationList section */
	};
	rootObject = 90A8C4561CAA269C00F17677 /* Project object */;
}
